// !$*UTF8*$!
{
	archiveVersion = 1;
	classes = {
	};
	objectVersion = 56;
	objects = {

/* Begin PBXBuildFile section */
		414E11A32A5EAB21007683D7 /* AppDelegate.swift in Sources */ = {isa = PBXBuildFile; fileRef = 414E11A22A5EAB21007683D7 /* AppDelegate.swift */; };
		414E11A52A5EAB21007683D7 /* SceneDelegate.swift in Sources */ = {isa = PBXBuildFile; fileRef = 414E11A42A5EAB21007683D7 /* SceneDelegate.swift */; };
		414E11A72A5EAB21007683D7 /* HomeVC.swift in Sources */ = {isa = PBXBuildFile; fileRef = 414E11A62A5EAB21007683D7 /* HomeVC.swift */; };
		414E11AC2A5EAB23007683D7 /* Assets.xcassets in Resources */ = {isa = PBXBuildFile; fileRef = 414E11AB2A5EAB23007683D7 /* Assets.xcassets */; };
		414E11AF2A5EAB23007683D7 /* LaunchScreen.storyboard in Resources */ = {isa = PBXBuildFile; fileRef = 414E11AD2A5EAB23007683D7 /* LaunchScreen.storyboard */; };
		414E11BA2A5EAB23007683D7 /* NetworkManagerTests.swift in Sources */ = {isa = PBXBuildFile; fileRef = 414E11B92A5EAB23007683D7 /* NetworkManagerTests.swift */; };
		414E11D72A5EAD00007683D7 /* TabBarController.swift in Sources */ = {isa = PBXBuildFile; fileRef = 414E11D62A5EAD00007683D7 /* TabBarController.swift */; };
		414E11D92A5EB120007683D7 /* ExchangeVC.swift in Sources */ = {isa = PBXBuildFile; fileRef = 414E11D82A5EB120007683D7 /* ExchangeVC.swift */; };
		414E11DD2A5EB27A007683D7 /* BudgetVC.swift in Sources */ = {isa = PBXBuildFile; fileRef = 414E11DC2A5EB27A007683D7 /* BudgetVC.swift */; };
		414E11DF2A5EB3EB007683D7 /* ProfileVC.swift in Sources */ = {isa = PBXBuildFile; fileRef = 414E11DE2A5EB3EB007683D7 /* ProfileVC.swift */; };
		414E11E52A5EBA20007683D7 /* SnapKit in Frameworks */ = {isa = PBXBuildFile; productRef = 414E11E42A5EBA20007683D7 /* SnapKit */; };
		414E11E82A5EBAE0007683D7 /* UIView+Extension.swift in Sources */ = {isa = PBXBuildFile; fileRef = 414E11E72A5EBAE0007683D7 /* UIView+Extension.swift */; };
		414E11F02A5EC9D8007683D7 /* TransactionsTableCell.swift in Sources */ = {isa = PBXBuildFile; fileRef = 414E11EF2A5EC9D7007683D7 /* TransactionsTableCell.swift */; };
		414E11F32A5ECA28007683D7 /* Transactions.swift in Sources */ = {isa = PBXBuildFile; fileRef = 414E11F22A5ECA28007683D7 /* Transactions.swift */; };
		414E11F52A5ED24B007683D7 /* Action.json in Sources */ = {isa = PBXBuildFile; fileRef = 414E11F42A5ED24B007683D7 /* Action.json */; };
		414E11FA2A5ED6F2007683D7 /* DateFormatter+Extension.swift in Sources */ = {isa = PBXBuildFile; fileRef = 414E11F92A5ED6F2007683D7 /* DateFormatter+Extension.swift */; };
		414E11FC2A5ED764007683D7 /* NetworkManager.swift in Sources */ = {isa = PBXBuildFile; fileRef = 414E11FB2A5ED764007683D7 /* NetworkManager.swift */; };
		414E11FE2A5ED7B4007683D7 /* Bundle+Extension.swift in Sources */ = {isa = PBXBuildFile; fileRef = 414E11FD2A5ED7B4007683D7 /* Bundle+Extension.swift */; };
		414E11FF2A5EDB84007683D7 /* Action.json in Resources */ = {isa = PBXBuildFile; fileRef = 414E11F42A5ED24B007683D7 /* Action.json */; };
		414E12022A5EDE6C007683D7 /* Global.swift in Sources */ = {isa = PBXBuildFile; fileRef = 414E12012A5EDE6C007683D7 /* Global.swift */; };
		414E12042A5EF089007683D7 /* Date+Extension.swift in Sources */ = {isa = PBXBuildFile; fileRef = 414E12032A5EF089007683D7 /* Date+Extension.swift */; };
		414E12062A5EF0DC007683D7 /* String+Extension.swift in Sources */ = {isa = PBXBuildFile; fileRef = 414E12052A5EF0DC007683D7 /* String+Extension.swift */; };
		414E12082A5EF1D8007683D7 /* User.swift in Sources */ = {isa = PBXBuildFile; fileRef = 414E12072A5EF1D8007683D7 /* User.swift */; };
		414E120A2A5EF270007683D7 /* GoogleService-Info.plist in Resources */ = {isa = PBXBuildFile; fileRef = 414E12092A5EF26F007683D7 /* GoogleService-Info.plist */; };
		414E120D2A5EF321007683D7 /* FirebaseAuth in Frameworks */ = {isa = PBXBuildFile; productRef = 414E120C2A5EF321007683D7 /* FirebaseAuth */; };
		414E120F2A5EF321007683D7 /* FirebaseAuthCombine-Community in Frameworks */ = {isa = PBXBuildFile; productRef = 414E120E2A5EF321007683D7 /* FirebaseAuthCombine-Community */; };
		414E12112A5EF321007683D7 /* FirebaseFirestore in Frameworks */ = {isa = PBXBuildFile; productRef = 414E12102A5EF321007683D7 /* FirebaseFirestore */; };
		414E12132A5EF321007683D7 /* FirebaseFirestoreSwift in Frameworks */ = {isa = PBXBuildFile; productRef = 414E12122A5EF321007683D7 /* FirebaseFirestoreSwift */; };
		414E12162A5EF6CD007683D7 /* LoginVC.swift in Sources */ = {isa = PBXBuildFile; fileRef = 414E12152A5EF6CD007683D7 /* LoginVC.swift */; };
		414E12182A5EFB4B007683D7 /* SignUpVC.swift in Sources */ = {isa = PBXBuildFile; fileRef = 414E12172A5EFB4B007683D7 /* SignUpVC.swift */; };
		414E121A2A5EFD64007683D7 /* UINavigationController+Extension.swift in Sources */ = {isa = PBXBuildFile; fileRef = 414E12192A5EFD64007683D7 /* UINavigationController+Extension.swift */; };
		414E121C2A5F0253007683D7 /* FirebaseManager.swift in Sources */ = {isa = PBXBuildFile; fileRef = 414E121B2A5F0253007683D7 /* FirebaseManager.swift */; };
		414E12252A5F2266007683D7 /* Currency.swift in Sources */ = {isa = PBXBuildFile; fileRef = 414E12242A5F2266007683D7 /* Currency.swift */; };
		414E12272A5F4D4B007683D7 /* UIViewController+Extension.swift in Sources */ = {isa = PBXBuildFile; fileRef = 414E12262A5F4D4B007683D7 /* UIViewController+Extension.swift */; };
		414E122A2A5F6EEC007683D7 /* CustomTextPicker.swift in Sources */ = {isa = PBXBuildFile; fileRef = 414E12292A5F6EEC007683D7 /* CustomTextPicker.swift */; };
		414E122C2A5F7742007683D7 /* CurrenciesTableCell.swift in Sources */ = {isa = PBXBuildFile; fileRef = 414E122B2A5F7742007683D7 /* CurrenciesTableCell.swift */; };
		414E122F2A5FDCCF007683D7 /* FirebaseAnalytics in Frameworks */ = {isa = PBXBuildFile; productRef = 414E122E2A5FDCCF007683D7 /* FirebaseAnalytics */; };
		414E12312A5FDCD0007683D7 /* FirebaseAnalyticsOnDeviceConversion in Frameworks */ = {isa = PBXBuildFile; productRef = 414E12302A5FDCD0007683D7 /* FirebaseAnalyticsOnDeviceConversion */; };
		414E12332A5FDCD0007683D7 /* FirebaseAnalyticsSwift in Frameworks */ = {isa = PBXBuildFile; productRef = 414E12322A5FDCD0007683D7 /* FirebaseAnalyticsSwift */; };
		414E12352A5FDCD0007683D7 /* FirebaseAnalyticsWithoutAdIdSupport in Frameworks */ = {isa = PBXBuildFile; productRef = 414E12342A5FDCD0007683D7 /* FirebaseAnalyticsWithoutAdIdSupport */; };
		414E12372A5FDCD0007683D7 /* FirebaseAppCheck in Frameworks */ = {isa = PBXBuildFile; productRef = 414E12362A5FDCD0007683D7 /* FirebaseAppCheck */; };
		414E12392A5FDCD0007683D7 /* FirebaseAppDistribution-Beta in Frameworks */ = {isa = PBXBuildFile; productRef = 414E12382A5FDCD0007683D7 /* FirebaseAppDistribution-Beta */; };
		414E123B2A5FDCD0007683D7 /* FirebaseAuth in Frameworks */ = {isa = PBXBuildFile; productRef = 414E123A2A5FDCD0007683D7 /* FirebaseAuth */; };
		414E123D2A5FDCD0007683D7 /* FirebaseAuthCombine-Community in Frameworks */ = {isa = PBXBuildFile; productRef = 414E123C2A5FDCD0007683D7 /* FirebaseAuthCombine-Community */; };
		414E123F2A5FDCD0007683D7 /* FirebaseCrashlytics in Frameworks */ = {isa = PBXBuildFile; productRef = 414E123E2A5FDCD0007683D7 /* FirebaseCrashlytics */; };
		414E12412A5FDCD0007683D7 /* FirebaseDatabase in Frameworks */ = {isa = PBXBuildFile; productRef = 414E12402A5FDCD0007683D7 /* FirebaseDatabase */; };
		414E12432A5FDCD0007683D7 /* FirebaseDatabaseSwift in Frameworks */ = {isa = PBXBuildFile; productRef = 414E12422A5FDCD0007683D7 /* FirebaseDatabaseSwift */; };
		414E12452A5FDCD0007683D7 /* FirebaseDynamicLinks in Frameworks */ = {isa = PBXBuildFile; productRef = 414E12442A5FDCD0007683D7 /* FirebaseDynamicLinks */; };
		414E12472A5FDCD0007683D7 /* FirebaseFirestore in Frameworks */ = {isa = PBXBuildFile; productRef = 414E12462A5FDCD0007683D7 /* FirebaseFirestore */; };
		414E12492A5FDCD0007683D7 /* FirebaseFirestoreCombine-Community in Frameworks */ = {isa = PBXBuildFile; productRef = 414E12482A5FDCD0007683D7 /* FirebaseFirestoreCombine-Community */; };
		414E124B2A5FDCD0007683D7 /* FirebaseFirestoreSwift in Frameworks */ = {isa = PBXBuildFile; productRef = 414E124A2A5FDCD0007683D7 /* FirebaseFirestoreSwift */; };
		414E124D2A5FDCD0007683D7 /* FirebaseFunctions in Frameworks */ = {isa = PBXBuildFile; productRef = 414E124C2A5FDCD0007683D7 /* FirebaseFunctions */; };
		414E124F2A5FDCD0007683D7 /* FirebaseFunctionsCombine-Community in Frameworks */ = {isa = PBXBuildFile; productRef = 414E124E2A5FDCD0007683D7 /* FirebaseFunctionsCombine-Community */; };
		414E12512A5FDCD0007683D7 /* FirebaseInAppMessaging-Beta in Frameworks */ = {isa = PBXBuildFile; productRef = 414E12502A5FDCD0007683D7 /* FirebaseInAppMessaging-Beta */; };
		414E12532A5FDCD0007683D7 /* FirebaseInAppMessagingSwift-Beta in Frameworks */ = {isa = PBXBuildFile; productRef = 414E12522A5FDCD0007683D7 /* FirebaseInAppMessagingSwift-Beta */; };
		414E12552A5FDCD0007683D7 /* FirebaseInstallations in Frameworks */ = {isa = PBXBuildFile; productRef = 414E12542A5FDCD0007683D7 /* FirebaseInstallations */; };
		414E12572A5FDCD0007683D7 /* FirebaseMessaging in Frameworks */ = {isa = PBXBuildFile; productRef = 414E12562A5FDCD0007683D7 /* FirebaseMessaging */; };
		414E12592A5FDCD0007683D7 /* FirebaseMLModelDownloader in Frameworks */ = {isa = PBXBuildFile; productRef = 414E12582A5FDCD0007683D7 /* FirebaseMLModelDownloader */; };
		414E125B2A5FDCD0007683D7 /* FirebasePerformance in Frameworks */ = {isa = PBXBuildFile; productRef = 414E125A2A5FDCD0007683D7 /* FirebasePerformance */; };
		414E125D2A5FDCD0007683D7 /* FirebaseRemoteConfig in Frameworks */ = {isa = PBXBuildFile; productRef = 414E125C2A5FDCD0007683D7 /* FirebaseRemoteConfig */; };
		414E125F2A5FDCD0007683D7 /* FirebaseRemoteConfigSwift in Frameworks */ = {isa = PBXBuildFile; productRef = 414E125E2A5FDCD0007683D7 /* FirebaseRemoteConfigSwift */; };
		414E12612A5FDCD0007683D7 /* FirebaseStorage in Frameworks */ = {isa = PBXBuildFile; productRef = 414E12602A5FDCD0007683D7 /* FirebaseStorage */; };
		414E12632A5FDCD0007683D7 /* FirebaseStorageCombine-Community in Frameworks */ = {isa = PBXBuildFile; productRef = 414E12622A5FDCD0007683D7 /* FirebaseStorageCombine-Community */; };
		414E12642A5FE1E6007683D7 /* Assets.xcassets in Resources */ = {isa = PBXBuildFile; fileRef = 414E11AB2A5EAB23007683D7 /* Assets.xcassets */; };
		414E12652A5FE1E6007683D7 /* LaunchScreen.storyboard in Resources */ = {isa = PBXBuildFile; fileRef = 414E11AD2A5EAB23007683D7 /* LaunchScreen.storyboard */; };
		414E12662A5FE1F0007683D7 /* GoogleService-Info.plist in Resources */ = {isa = PBXBuildFile; fileRef = 414E12092A5EF26F007683D7 /* GoogleService-Info.plist */; };
/* End PBXBuildFile section */

/* Begin PBXContainerItemProxy section */
		414E11B62A5EAB23007683D7 /* PBXContainerItemProxy */ = {
			isa = PBXContainerItemProxy;
			containerPortal = 414E11972A5EAB21007683D7 /* Project object */;
			proxyType = 1;
			remoteGlobalIDString = 414E119E2A5EAB21007683D7;
			remoteInfo = InnovaCaseStudy;
		};
/* End PBXContainerItemProxy section */

/* Begin PBXFileReference section */
		414E119F2A5EAB21007683D7 /* InnovaCaseStudy.app */ = {isa = PBXFileReference; explicitFileType = wrapper.application; includeInIndex = 0; path = InnovaCaseStudy.app; sourceTree = BUILT_PRODUCTS_DIR; };
		414E11A22A5EAB21007683D7 /* AppDelegate.swift */ = {isa = PBXFileReference; lastKnownFileType = sourcecode.swift; path = AppDelegate.swift; sourceTree = "<group>"; };
		414E11A42A5EAB21007683D7 /* SceneDelegate.swift */ = {isa = PBXFileReference; lastKnownFileType = sourcecode.swift; path = SceneDelegate.swift; sourceTree = "<group>"; };
		414E11A62A5EAB21007683D7 /* HomeVC.swift */ = {isa = PBXFileReference; lastKnownFileType = sourcecode.swift; path = HomeVC.swift; sourceTree = "<group>"; };
		414E11AB2A5EAB23007683D7 /* Assets.xcassets */ = {isa = PBXFileReference; lastKnownFileType = folder.assetcatalog; path = Assets.xcassets; sourceTree = "<group>"; };
		414E11AE2A5EAB23007683D7 /* Base */ = {isa = PBXFileReference; lastKnownFileType = file.storyboard; name = Base; path = Base.lproj/LaunchScreen.storyboard; sourceTree = "<group>"; };
		414E11B02A5EAB23007683D7 /* Info.plist */ = {isa = PBXFileReference; lastKnownFileType = text.plist.xml; path = Info.plist; sourceTree = "<group>"; };
		414E11B52A5EAB23007683D7 /* InnovaCaseStudyTests.xctest */ = {isa = PBXFileReference; explicitFileType = wrapper.cfbundle; includeInIndex = 0; path = InnovaCaseStudyTests.xctest; sourceTree = BUILT_PRODUCTS_DIR; };
		414E11B92A5EAB23007683D7 /* NetworkManagerTests.swift */ = {isa = PBXFileReference; lastKnownFileType = sourcecode.swift; path = NetworkManagerTests.swift; sourceTree = "<group>"; };
		414E11D62A5EAD00007683D7 /* TabBarController.swift */ = {isa = PBXFileReference; lastKnownFileType = sourcecode.swift; path = TabBarController.swift; sourceTree = "<group>"; };
		414E11D82A5EB120007683D7 /* ExchangeVC.swift */ = {isa = PBXFileReference; lastKnownFileType = sourcecode.swift; path = ExchangeVC.swift; sourceTree = "<group>"; };
		414E11DC2A5EB27A007683D7 /* BudgetVC.swift */ = {isa = PBXFileReference; lastKnownFileType = sourcecode.swift; path = BudgetVC.swift; sourceTree = "<group>"; };
		414E11DE2A5EB3EB007683D7 /* ProfileVC.swift */ = {isa = PBXFileReference; lastKnownFileType = sourcecode.swift; path = ProfileVC.swift; sourceTree = "<group>"; };
		414E11E72A5EBAE0007683D7 /* UIView+Extension.swift */ = {isa = PBXFileReference; lastKnownFileType = sourcecode.swift; path = "UIView+Extension.swift"; sourceTree = "<group>"; };
		414E11EF2A5EC9D7007683D7 /* TransactionsTableCell.swift */ = {isa = PBXFileReference; lastKnownFileType = sourcecode.swift; path = TransactionsTableCell.swift; sourceTree = "<group>"; };
		414E11F22A5ECA28007683D7 /* Transactions.swift */ = {isa = PBXFileReference; lastKnownFileType = sourcecode.swift; path = Transactions.swift; sourceTree = "<group>"; };
		414E11F42A5ED24B007683D7 /* Action.json */ = {isa = PBXFileReference; lastKnownFileType = text.json; path = Action.json; sourceTree = "<group>"; };
		414E11F92A5ED6F2007683D7 /* DateFormatter+Extension.swift */ = {isa = PBXFileReference; lastKnownFileType = sourcecode.swift; path = "DateFormatter+Extension.swift"; sourceTree = "<group>"; };
		414E11FB2A5ED764007683D7 /* NetworkManager.swift */ = {isa = PBXFileReference; lastKnownFileType = sourcecode.swift; path = NetworkManager.swift; sourceTree = "<group>"; };
		414E11FD2A5ED7B4007683D7 /* Bundle+Extension.swift */ = {isa = PBXFileReference; lastKnownFileType = sourcecode.swift; path = "Bundle+Extension.swift"; sourceTree = "<group>"; };
		414E12012A5EDE6C007683D7 /* Global.swift */ = {isa = PBXFileReference; lastKnownFileType = sourcecode.swift; path = Global.swift; sourceTree = "<group>"; };
		414E12032A5EF089007683D7 /* Date+Extension.swift */ = {isa = PBXFileReference; lastKnownFileType = sourcecode.swift; path = "Date+Extension.swift"; sourceTree = "<group>"; };
		414E12052A5EF0DC007683D7 /* String+Extension.swift */ = {isa = PBXFileReference; lastKnownFileType = sourcecode.swift; path = "String+Extension.swift"; sourceTree = "<group>"; };
		414E12072A5EF1D8007683D7 /* User.swift */ = {isa = PBXFileReference; lastKnownFileType = sourcecode.swift; path = User.swift; sourceTree = "<group>"; };
		414E12092A5EF26F007683D7 /* GoogleService-Info.plist */ = {isa = PBXFileReference; fileEncoding = 4; lastKnownFileType = text.plist.xml; path = "GoogleService-Info.plist"; sourceTree = "<group>"; };
		414E12152A5EF6CD007683D7 /* LoginVC.swift */ = {isa = PBXFileReference; lastKnownFileType = sourcecode.swift; path = LoginVC.swift; sourceTree = "<group>"; };
		414E12172A5EFB4B007683D7 /* SignUpVC.swift */ = {isa = PBXFileReference; lastKnownFileType = sourcecode.swift; path = SignUpVC.swift; sourceTree = "<group>"; };
		414E12192A5EFD64007683D7 /* UINavigationController+Extension.swift */ = {isa = PBXFileReference; lastKnownFileType = sourcecode.swift; path = "UINavigationController+Extension.swift"; sourceTree = "<group>"; };
		414E121B2A5F0253007683D7 /* FirebaseManager.swift */ = {isa = PBXFileReference; lastKnownFileType = sourcecode.swift; path = FirebaseManager.swift; sourceTree = "<group>"; };
		414E12242A5F2266007683D7 /* Currency.swift */ = {isa = PBXFileReference; lastKnownFileType = sourcecode.swift; path = Currency.swift; sourceTree = "<group>"; };
		414E12262A5F4D4B007683D7 /* UIViewController+Extension.swift */ = {isa = PBXFileReference; lastKnownFileType = sourcecode.swift; path = "UIViewController+Extension.swift"; sourceTree = "<group>"; };
		414E12292A5F6EEC007683D7 /* CustomTextPicker.swift */ = {isa = PBXFileReference; lastKnownFileType = sourcecode.swift; path = CustomTextPicker.swift; sourceTree = "<group>"; };
		414E122B2A5F7742007683D7 /* CurrenciesTableCell.swift */ = {isa = PBXFileReference; lastKnownFileType = sourcecode.swift; path = CurrenciesTableCell.swift; sourceTree = "<group>"; };
/* End PBXFileReference section */

/* Begin PBXFrameworksBuildPhase section */
		414E119C2A5EAB21007683D7 /* Frameworks */ = {
			isa = PBXFrameworksBuildPhase;
			buildActionMask = 2147483647;
			files = (
				414E12132A5EF321007683D7 /* FirebaseFirestoreSwift in Frameworks */,
				414E11E52A5EBA20007683D7 /* SnapKit in Frameworks */,
				414E12112A5EF321007683D7 /* FirebaseFirestore in Frameworks */,
				414E120F2A5EF321007683D7 /* FirebaseAuthCombine-Community in Frameworks */,
				414E120D2A5EF321007683D7 /* FirebaseAuth in Frameworks */,
			);
			runOnlyForDeploymentPostprocessing = 0;
		};
		414E11B22A5EAB23007683D7 /* Frameworks */ = {
			isa = PBXFrameworksBuildPhase;
			buildActionMask = 2147483647;
			files = (
				414E12412A5FDCD0007683D7 /* FirebaseDatabase in Frameworks */,
				414E124F2A5FDCD0007683D7 /* FirebaseFunctionsCombine-Community in Frameworks */,
				414E12472A5FDCD0007683D7 /* FirebaseFirestore in Frameworks */,
				414E12332A5FDCD0007683D7 /* FirebaseAnalyticsSwift in Frameworks */,
				414E122F2A5FDCCF007683D7 /* FirebaseAnalytics in Frameworks */,
				414E12312A5FDCD0007683D7 /* FirebaseAnalyticsOnDeviceConversion in Frameworks */,
				414E124B2A5FDCD0007683D7 /* FirebaseFirestoreSwift in Frameworks */,
				414E12592A5FDCD0007683D7 /* FirebaseMLModelDownloader in Frameworks */,
				414E12372A5FDCD0007683D7 /* FirebaseAppCheck in Frameworks */,
				414E12352A5FDCD0007683D7 /* FirebaseAnalyticsWithoutAdIdSupport in Frameworks */,
				414E12572A5FDCD0007683D7 /* FirebaseMessaging in Frameworks */,
				414E123B2A5FDCD0007683D7 /* FirebaseAuth in Frameworks */,
				414E125F2A5FDCD0007683D7 /* FirebaseRemoteConfigSwift in Frameworks */,
				414E123F2A5FDCD0007683D7 /* FirebaseCrashlytics in Frameworks */,
				414E12512A5FDCD0007683D7 /* FirebaseInAppMessaging-Beta in Frameworks */,
				414E12432A5FDCD0007683D7 /* FirebaseDatabaseSwift in Frameworks */,
				414E12632A5FDCD0007683D7 /* FirebaseStorageCombine-Community in Frameworks */,
				414E125D2A5FDCD0007683D7 /* FirebaseRemoteConfig in Frameworks */,
				414E124D2A5FDCD0007683D7 /* FirebaseFunctions in Frameworks */,
				414E12392A5FDCD0007683D7 /* FirebaseAppDistribution-Beta in Frameworks */,
				414E125B2A5FDCD0007683D7 /* FirebasePerformance in Frameworks */,
				414E123D2A5FDCD0007683D7 /* FirebaseAuthCombine-Community in Frameworks */,
				414E12612A5FDCD0007683D7 /* FirebaseStorage in Frameworks */,
				414E12532A5FDCD0007683D7 /* FirebaseInAppMessagingSwift-Beta in Frameworks */,
				414E12452A5FDCD0007683D7 /* FirebaseDynamicLinks in Frameworks */,
				414E12492A5FDCD0007683D7 /* FirebaseFirestoreCombine-Community in Frameworks */,
				414E12552A5FDCD0007683D7 /* FirebaseInstallations in Frameworks */,
			);
			runOnlyForDeploymentPostprocessing = 0;
		};
/* End PBXFrameworksBuildPhase section */

/* Begin PBXGroup section */
		414E11962A5EAB21007683D7 = {
			isa = PBXGroup;
			children = (
				414E11A12A5EAB21007683D7 /* InnovaCaseStudy */,
				414E11B82A5EAB23007683D7 /* InnovaCaseStudyTests */,
				414E11A02A5EAB21007683D7 /* Products */,
				414E122D2A5FDCCF007683D7 /* Frameworks */,
			);
			sourceTree = "<group>";
		};
		414E11A02A5EAB21007683D7 /* Products */ = {
			isa = PBXGroup;
			children = (
				414E119F2A5EAB21007683D7 /* InnovaCaseStudy.app */,
				414E11B52A5EAB23007683D7 /* InnovaCaseStudyTests.xctest */,
			);
			name = Products;
			sourceTree = "<group>";
		};
		414E11A12A5EAB21007683D7 /* InnovaCaseStudy */ = {
			isa = PBXGroup;
			children = (
				414E11D22A5EABEB007683D7 /* Support */,
				414E11F12A5ECA0C007683D7 /* Model */,
				414E11ED2A5EC9A9007683D7 /* View */,
				414E11D42A5EAC5C007683D7 /* ViewControllers */,
				414E11D52A5EACB1007683D7 /* Managers */,
				414E11F72A5ED2D9007683D7 /* Utilities */,
				414E11E92A5EBC4D007683D7 /* LocalJson */,
				414E11D32A5EAC44007683D7 /* Resources */,
			);
			path = InnovaCaseStudy;
			sourceTree = "<group>";
		};
		414E11B82A5EAB23007683D7 /* InnovaCaseStudyTests */ = {
			isa = PBXGroup;
			children = (
				414E11B92A5EAB23007683D7 /* NetworkManagerTests.swift */,
			);
			path = InnovaCaseStudyTests;
			sourceTree = "<group>";
		};
		414E11D22A5EABEB007683D7 /* Support */ = {
			isa = PBXGroup;
			children = (
				414E11A22A5EAB21007683D7 /* AppDelegate.swift */,
				414E11A42A5EAB21007683D7 /* SceneDelegate.swift */,
				414E12092A5EF26F007683D7 /* GoogleService-Info.plist */,
				414E11B02A5EAB23007683D7 /* Info.plist */,
			);
			path = Support;
			sourceTree = "<group>";
		};
		414E11D32A5EAC44007683D7 /* Resources */ = {
			isa = PBXGroup;
			children = (
				414E11AB2A5EAB23007683D7 /* Assets.xcassets */,
				414E11AD2A5EAB23007683D7 /* LaunchScreen.storyboard */,
			);
			path = Resources;
			sourceTree = "<group>";
		};
		414E11D42A5EAC5C007683D7 /* ViewControllers */ = {
			isa = PBXGroup;
			children = (
				414E12142A5EF6AB007683D7 /* Auth */,
				414E11EC2A5EC4ED007683D7 /* TabBar */,
			);
			path = ViewControllers;
			sourceTree = "<group>";
		};
		414E11D52A5EACB1007683D7 /* Managers */ = {
			isa = PBXGroup;
			children = (
				414E11D62A5EAD00007683D7 /* TabBarController.swift */,
				414E11FB2A5ED764007683D7 /* NetworkManager.swift */,
				414E121B2A5F0253007683D7 /* FirebaseManager.swift */,
			);
			path = Managers;
			sourceTree = "<group>";
		};
		414E11E62A5EBAAE007683D7 /* Extensions */ = {
			isa = PBXGroup;
			children = (
				414E11E72A5EBAE0007683D7 /* UIView+Extension.swift */,
				414E11F92A5ED6F2007683D7 /* DateFormatter+Extension.swift */,
				414E11FD2A5ED7B4007683D7 /* Bundle+Extension.swift */,
				414E12032A5EF089007683D7 /* Date+Extension.swift */,
				414E12052A5EF0DC007683D7 /* String+Extension.swift */,
				414E12192A5EFD64007683D7 /* UINavigationController+Extension.swift */,
				414E12262A5F4D4B007683D7 /* UIViewController+Extension.swift */,
			);
			path = Extensions;
			sourceTree = "<group>";
		};
		414E11E92A5EBC4D007683D7 /* LocalJson */ = {
			isa = PBXGroup;
			children = (
				414E11F42A5ED24B007683D7 /* Action.json */,
			);
			path = LocalJson;
			sourceTree = "<group>";
		};
		414E11EC2A5EC4ED007683D7 /* TabBar */ = {
			isa = PBXGroup;
			children = (
				414E11A62A5EAB21007683D7 /* HomeVC.swift */,
				414E11DC2A5EB27A007683D7 /* BudgetVC.swift */,
				414E11D82A5EB120007683D7 /* ExchangeVC.swift */,
				414E11DE2A5EB3EB007683D7 /* ProfileVC.swift */,
			);
			path = TabBar;
			sourceTree = "<group>";
		};
		414E11ED2A5EC9A9007683D7 /* View */ = {
			isa = PBXGroup;
			children = (
				414E12282A5F6EB9007683D7 /* CustomView */,
				414E11EE2A5EC9B6007683D7 /* TableCell */,
			);
			path = View;
			sourceTree = "<group>";
		};
		414E11EE2A5EC9B6007683D7 /* TableCell */ = {
			isa = PBXGroup;
			children = (
				414E11EF2A5EC9D7007683D7 /* TransactionsTableCell.swift */,
				414E122B2A5F7742007683D7 /* CurrenciesTableCell.swift */,
			);
			path = TableCell;
			sourceTree = "<group>";
		};
		414E11F12A5ECA0C007683D7 /* Model */ = {
			isa = PBXGroup;
			children = (
				414E11F22A5ECA28007683D7 /* Transactions.swift */,
				414E12072A5EF1D8007683D7 /* User.swift */,
				414E12242A5F2266007683D7 /* Currency.swift */,
			);
			path = Model;
			sourceTree = "<group>";
		};
		414E11F72A5ED2D9007683D7 /* Utilities */ = {
			isa = PBXGroup;
			children = (
				414E12002A5EDE3B007683D7 /* Helper */,
				414E11E62A5EBAAE007683D7 /* Extensions */,
			);
			path = Utilities;
			sourceTree = "<group>";
		};
		414E12002A5EDE3B007683D7 /* Helper */ = {
			isa = PBXGroup;
			children = (
				414E12012A5EDE6C007683D7 /* Global.swift */,
			);
			path = Helper;
			sourceTree = "<group>";
		};
		414E12142A5EF6AB007683D7 /* Auth */ = {
			isa = PBXGroup;
			children = (
				414E12152A5EF6CD007683D7 /* LoginVC.swift */,
				414E12172A5EFB4B007683D7 /* SignUpVC.swift */,
			);
			path = Auth;
			sourceTree = "<group>";
		};
		414E12282A5F6EB9007683D7 /* CustomView */ = {
			isa = PBXGroup;
			children = (
				414E12292A5F6EEC007683D7 /* CustomTextPicker.swift */,
			);
			path = CustomView;
			sourceTree = "<group>";
		};
		414E122D2A5FDCCF007683D7 /* Frameworks */ = {
			isa = PBXGroup;
			children = (
			);
			name = Frameworks;
			sourceTree = "<group>";
		};
/* End PBXGroup section */

/* Begin PBXNativeTarget section */
		414E119E2A5EAB21007683D7 /* InnovaCaseStudy */ = {
			isa = PBXNativeTarget;
			buildConfigurationList = 414E11C92A5EAB23007683D7 /* Build configuration list for PBXNativeTarget "InnovaCaseStudy" */;
			buildPhases = (
				414E119B2A5EAB21007683D7 /* Sources */,
				414E119C2A5EAB21007683D7 /* Frameworks */,
				414E119D2A5EAB21007683D7 /* Resources */,
			);
			buildRules = (
			);
			dependencies = (
			);
			name = InnovaCaseStudy;
			packageProductDependencies = (
				414E11E42A5EBA20007683D7 /* SnapKit */,
				414E120C2A5EF321007683D7 /* FirebaseAuth */,
				414E120E2A5EF321007683D7 /* FirebaseAuthCombine-Community */,
				414E12102A5EF321007683D7 /* FirebaseFirestore */,
				414E12122A5EF321007683D7 /* FirebaseFirestoreSwift */,
			);
			productName = InnovaCaseStudy;
			productReference = 414E119F2A5EAB21007683D7 /* InnovaCaseStudy.app */;
			productType = "com.apple.product-type.application";
		};
		414E11B42A5EAB23007683D7 /* InnovaCaseStudyTests */ = {
			isa = PBXNativeTarget;
			buildConfigurationList = 414E11CC2A5EAB23007683D7 /* Build configuration list for PBXNativeTarget "InnovaCaseStudyTests" */;
			buildPhases = (
				414E11B12A5EAB23007683D7 /* Sources */,
				414E11B22A5EAB23007683D7 /* Frameworks */,
				414E11B32A5EAB23007683D7 /* Resources */,
			);
			buildRules = (
			);
			dependencies = (
				414E11B72A5EAB23007683D7 /* PBXTargetDependency */,
			);
			name = InnovaCaseStudyTests;
			packageProductDependencies = (
				414E122E2A5FDCCF007683D7 /* FirebaseAnalytics */,
				414E12302A5FDCD0007683D7 /* FirebaseAnalyticsOnDeviceConversion */,
				414E12322A5FDCD0007683D7 /* FirebaseAnalyticsSwift */,
				414E12342A5FDCD0007683D7 /* FirebaseAnalyticsWithoutAdIdSupport */,
				414E12362A5FDCD0007683D7 /* FirebaseAppCheck */,
				414E12382A5FDCD0007683D7 /* FirebaseAppDistribution-Beta */,
				414E123A2A5FDCD0007683D7 /* FirebaseAuth */,
				414E123C2A5FDCD0007683D7 /* FirebaseAuthCombine-Community */,
				414E123E2A5FDCD0007683D7 /* FirebaseCrashlytics */,
				414E12402A5FDCD0007683D7 /* FirebaseDatabase */,
				414E12422A5FDCD0007683D7 /* FirebaseDatabaseSwift */,
				414E12442A5FDCD0007683D7 /* FirebaseDynamicLinks */,
				414E12462A5FDCD0007683D7 /* FirebaseFirestore */,
				414E12482A5FDCD0007683D7 /* FirebaseFirestoreCombine-Community */,
				414E124A2A5FDCD0007683D7 /* FirebaseFirestoreSwift */,
				414E124C2A5FDCD0007683D7 /* FirebaseFunctions */,
				414E124E2A5FDCD0007683D7 /* FirebaseFunctionsCombine-Community */,
				414E12502A5FDCD0007683D7 /* FirebaseInAppMessaging-Beta */,
				414E12522A5FDCD0007683D7 /* FirebaseInAppMessagingSwift-Beta */,
				414E12542A5FDCD0007683D7 /* FirebaseInstallations */,
				414E12562A5FDCD0007683D7 /* FirebaseMessaging */,
				414E12582A5FDCD0007683D7 /* FirebaseMLModelDownloader */,
				414E125A2A5FDCD0007683D7 /* FirebasePerformance */,
				414E125C2A5FDCD0007683D7 /* FirebaseRemoteConfig */,
				414E125E2A5FDCD0007683D7 /* FirebaseRemoteConfigSwift */,
				414E12602A5FDCD0007683D7 /* FirebaseStorage */,
				414E12622A5FDCD0007683D7 /* FirebaseStorageCombine-Community */,
			);
			productName = InnovaCaseStudyTests;
			productReference = 414E11B52A5EAB23007683D7 /* InnovaCaseStudyTests.xctest */;
			productType = "com.apple.product-type.bundle.unit-test";
		};
/* End PBXNativeTarget section */

/* Begin PBXProject section */
		414E11972A5EAB21007683D7 /* Project object */ = {
			isa = PBXProject;
			attributes = {
				BuildIndependentTargetsInParallel = 1;
				LastSwiftUpdateCheck = 1430;
				LastUpgradeCheck = 1430;
				TargetAttributes = {
					414E119E2A5EAB21007683D7 = {
						CreatedOnToolsVersion = 14.3.1;
					};
					414E11B42A5EAB23007683D7 = {
						CreatedOnToolsVersion = 14.3.1;
						TestTargetID = 414E119E2A5EAB21007683D7;
					};
				};
			};
			buildConfigurationList = 414E119A2A5EAB21007683D7 /* Build configuration list for PBXProject "InnovaCaseStudy" */;
			compatibilityVersion = "Xcode 14.0";
			developmentRegion = en;
			hasScannedForEncodings = 0;
			knownRegions = (
				en,
				Base,
			);
			mainGroup = 414E11962A5EAB21007683D7;
			packageReferences = (
				414E11E32A5EBA20007683D7 /* XCRemoteSwiftPackageReference "SnapKit" */,
				414E120B2A5EF321007683D7 /* XCRemoteSwiftPackageReference "firebase-ios-sdk" */,
			);
			productRefGroup = 414E11A02A5EAB21007683D7 /* Products */;
			projectDirPath = "";
			projectRoot = "";
			targets = (
				414E119E2A5EAB21007683D7 /* InnovaCaseStudy */,
				414E11B42A5EAB23007683D7 /* InnovaCaseStudyTests */,
			);
		};
/* End PBXProject section */

/* Begin PBXResourcesBuildPhase section */
		414E119D2A5EAB21007683D7 /* Resources */ = {
			isa = PBXResourcesBuildPhase;
			buildActionMask = 2147483647;
			files = (
				414E11FF2A5EDB84007683D7 /* Action.json in Resources */,
				414E11AF2A5EAB23007683D7 /* LaunchScreen.storyboard in Resources */,
				414E120A2A5EF270007683D7 /* GoogleService-Info.plist in Resources */,
				414E11AC2A5EAB23007683D7 /* Assets.xcassets in Resources */,
			);
			runOnlyForDeploymentPostprocessing = 0;
		};
		414E11B32A5EAB23007683D7 /* Resources */ = {
			isa = PBXResourcesBuildPhase;
			buildActionMask = 2147483647;
			files = (
				414E12662A5FE1F0007683D7 /* GoogleService-Info.plist in Resources */,
				414E12642A5FE1E6007683D7 /* Assets.xcassets in Resources */,
				414E12652A5FE1E6007683D7 /* LaunchScreen.storyboard in Resources */,
			);
			runOnlyForDeploymentPostprocessing = 0;
		};
/* End PBXResourcesBuildPhase section */

/* Begin PBXSourcesBuildPhase section */
		414E119B2A5EAB21007683D7 /* Sources */ = {
			isa = PBXSourcesBuildPhase;
			buildActionMask = 2147483647;
			files = (
				414E12272A5F4D4B007683D7 /* UIViewController+Extension.swift in Sources */,
				414E11F32A5ECA28007683D7 /* Transactions.swift in Sources */,
				414E11FE2A5ED7B4007683D7 /* Bundle+Extension.swift in Sources */,
				414E11F52A5ED24B007683D7 /* Action.json in Sources */,
				414E12162A5EF6CD007683D7 /* LoginVC.swift in Sources */,
				414E121C2A5F0253007683D7 /* FirebaseManager.swift in Sources */,
				414E11FA2A5ED6F2007683D7 /* DateFormatter+Extension.swift in Sources */,
				414E11FC2A5ED764007683D7 /* NetworkManager.swift in Sources */,
				414E12042A5EF089007683D7 /* Date+Extension.swift in Sources */,
				414E11A72A5EAB21007683D7 /* HomeVC.swift in Sources */,
				414E12182A5EFB4B007683D7 /* SignUpVC.swift in Sources */,
				414E11DD2A5EB27A007683D7 /* BudgetVC.swift in Sources */,
				414E12062A5EF0DC007683D7 /* String+Extension.swift in Sources */,
				414E122C2A5F7742007683D7 /* CurrenciesTableCell.swift in Sources */,
				414E121A2A5EFD64007683D7 /* UINavigationController+Extension.swift in Sources */,
				414E11DF2A5EB3EB007683D7 /* ProfileVC.swift in Sources */,
				414E12252A5F2266007683D7 /* Currency.swift in Sources */,
				414E12022A5EDE6C007683D7 /* Global.swift in Sources */,
				414E122A2A5F6EEC007683D7 /* CustomTextPicker.swift in Sources */,
				414E11D72A5EAD00007683D7 /* TabBarController.swift in Sources */,
				414E11A32A5EAB21007683D7 /* AppDelegate.swift in Sources */,
				414E11F02A5EC9D8007683D7 /* TransactionsTableCell.swift in Sources */,
				414E12082A5EF1D8007683D7 /* User.swift in Sources */,
				414E11D92A5EB120007683D7 /* ExchangeVC.swift in Sources */,
				414E11E82A5EBAE0007683D7 /* UIView+Extension.swift in Sources */,
				414E11A52A5EAB21007683D7 /* SceneDelegate.swift in Sources */,
			);
			runOnlyForDeploymentPostprocessing = 0;
		};
		414E11B12A5EAB23007683D7 /* Sources */ = {
			isa = PBXSourcesBuildPhase;
			buildActionMask = 2147483647;
			files = (
				414E11BA2A5EAB23007683D7 /* NetworkManagerTests.swift in Sources */,
			);
			runOnlyForDeploymentPostprocessing = 0;
		};
/* End PBXSourcesBuildPhase section */

/* Begin PBXTargetDependency section */
		414E11B72A5EAB23007683D7 /* PBXTargetDependency */ = {
			isa = PBXTargetDependency;
			target = 414E119E2A5EAB21007683D7 /* InnovaCaseStudy */;
			targetProxy = 414E11B62A5EAB23007683D7 /* PBXContainerItemProxy */;
		};
/* End PBXTargetDependency section */

/* Begin PBXVariantGroup section */
		414E11AD2A5EAB23007683D7 /* LaunchScreen.storyboard */ = {
			isa = PBXVariantGroup;
			children = (
				414E11AE2A5EAB23007683D7 /* Base */,
			);
			name = LaunchScreen.storyboard;
			sourceTree = "<group>";
		};
/* End PBXVariantGroup section */

/* Begin XCBuildConfiguration section */
		414E11C72A5EAB23007683D7 /* Debug */ = {
			isa = XCBuildConfiguration;
			buildSettings = {
				ALWAYS_SEARCH_USER_PATHS = NO;
				CLANG_ANALYZER_NONNULL = YES;
				CLANG_ANALYZER_NUMBER_OBJECT_CONVERSION = YES_AGGRESSIVE;
				CLANG_CXX_LANGUAGE_STANDARD = "gnu++20";
				CLANG_ENABLE_MODULES = YES;
				CLANG_ENABLE_OBJC_ARC = YES;
				CLANG_ENABLE_OBJC_WEAK = YES;
				CLANG_WARN_BLOCK_CAPTURE_AUTORELEASING = YES;
				CLANG_WARN_BOOL_CONVERSION = YES;
				CLANG_WARN_COMMA = YES;
				CLANG_WARN_CONSTANT_CONVERSION = YES;
				CLANG_WARN_DEPRECATED_OBJC_IMPLEMENTATIONS = YES;
				CLANG_WARN_DIRECT_OBJC_ISA_USAGE = YES_ERROR;
				CLANG_WARN_DOCUMENTATION_COMMENTS = YES;
				CLANG_WARN_EMPTY_BODY = YES;
				CLANG_WARN_ENUM_CONVERSION = YES;
				CLANG_WARN_INFINITE_RECURSION = YES;
				CLANG_WARN_INT_CONVERSION = YES;
				CLANG_WARN_NON_LITERAL_NULL_CONVERSION = YES;
				CLANG_WARN_OBJC_IMPLICIT_RETAIN_SELF = YES;
				CLANG_WARN_OBJC_LITERAL_CONVERSION = YES;
				CLANG_WARN_OBJC_ROOT_CLASS = YES_ERROR;
				CLANG_WARN_QUOTED_INCLUDE_IN_FRAMEWORK_HEADER = YES;
				CLANG_WARN_RANGE_LOOP_ANALYSIS = YES;
				CLANG_WARN_STRICT_PROTOTYPES = YES;
				CLANG_WARN_SUSPICIOUS_MOVE = YES;
				CLANG_WARN_UNGUARDED_AVAILABILITY = YES_AGGRESSIVE;
				CLANG_WARN_UNREACHABLE_CODE = YES;
				CLANG_WARN__DUPLICATE_METHOD_MATCH = YES;
				COPY_PHASE_STRIP = NO;
				DEBUG_INFORMATION_FORMAT = dwarf;
				ENABLE_STRICT_OBJC_MSGSEND = YES;
				ENABLE_TESTABILITY = YES;
				GCC_C_LANGUAGE_STANDARD = gnu11;
				GCC_DYNAMIC_NO_PIC = NO;
				GCC_NO_COMMON_BLOCKS = YES;
				GCC_OPTIMIZATION_LEVEL = 0;
				GCC_PREPROCESSOR_DEFINITIONS = (
					"DEBUG=1",
					"$(inherited)",
				);
				GCC_WARN_64_TO_32_BIT_CONVERSION = YES;
				GCC_WARN_ABOUT_RETURN_TYPE = YES_ERROR;
				GCC_WARN_UNDECLARED_SELECTOR = YES;
				GCC_WARN_UNINITIALIZED_AUTOS = YES_AGGRESSIVE;
				GCC_WARN_UNUSED_FUNCTION = YES;
				GCC_WARN_UNUSED_VARIABLE = YES;
				IPHONEOS_DEPLOYMENT_TARGET = 16.4;
				MTL_ENABLE_DEBUG_INFO = INCLUDE_SOURCE;
				MTL_FAST_MATH = YES;
				ONLY_ACTIVE_ARCH = YES;
				SDKROOT = iphoneos;
				SWIFT_ACTIVE_COMPILATION_CONDITIONS = DEBUG;
				SWIFT_OPTIMIZATION_LEVEL = "-Onone";
			};
			name = Debug;
		};
		414E11C82A5EAB23007683D7 /* Release */ = {
			isa = XCBuildConfiguration;
			buildSettings = {
				ALWAYS_SEARCH_USER_PATHS = NO;
				CLANG_ANALYZER_NONNULL = YES;
				CLANG_ANALYZER_NUMBER_OBJECT_CONVERSION = YES_AGGRESSIVE;
				CLANG_CXX_LANGUAGE_STANDARD = "gnu++20";
				CLANG_ENABLE_MODULES = YES;
				CLANG_ENABLE_OBJC_ARC = YES;
				CLANG_ENABLE_OBJC_WEAK = YES;
				CLANG_WARN_BLOCK_CAPTURE_AUTORELEASING = YES;
				CLANG_WARN_BOOL_CONVERSION = YES;
				CLANG_WARN_COMMA = YES;
				CLANG_WARN_CONSTANT_CONVERSION = YES;
				CLANG_WARN_DEPRECATED_OBJC_IMPLEMENTATIONS = YES;
				CLANG_WARN_DIRECT_OBJC_ISA_USAGE = YES_ERROR;
				CLANG_WARN_DOCUMENTATION_COMMENTS = YES;
				CLANG_WARN_EMPTY_BODY = YES;
				CLANG_WARN_ENUM_CONVERSION = YES;
				CLANG_WARN_INFINITE_RECURSION = YES;
				CLANG_WARN_INT_CONVERSION = YES;
				CLANG_WARN_NON_LITERAL_NULL_CONVERSION = YES;
				CLANG_WARN_OBJC_IMPLICIT_RETAIN_SELF = YES;
				CLANG_WARN_OBJC_LITERAL_CONVERSION = YES;
				CLANG_WARN_OBJC_ROOT_CLASS = YES_ERROR;
				CLANG_WARN_QUOTED_INCLUDE_IN_FRAMEWORK_HEADER = YES;
				CLANG_WARN_RANGE_LOOP_ANALYSIS = YES;
				CLANG_WARN_STRICT_PROTOTYPES = YES;
				CLANG_WARN_SUSPICIOUS_MOVE = YES;
				CLANG_WARN_UNGUARDED_AVAILABILITY = YES_AGGRESSIVE;
				CLANG_WARN_UNREACHABLE_CODE = YES;
				CLANG_WARN__DUPLICATE_METHOD_MATCH = YES;
				COPY_PHASE_STRIP = NO;
				DEBUG_INFORMATION_FORMAT = "dwarf-with-dsym";
				ENABLE_NS_ASSERTIONS = NO;
				ENABLE_STRICT_OBJC_MSGSEND = YES;
				GCC_C_LANGUAGE_STANDARD = gnu11;
				GCC_NO_COMMON_BLOCKS = YES;
				GCC_WARN_64_TO_32_BIT_CONVERSION = YES;
				GCC_WARN_ABOUT_RETURN_TYPE = YES_ERROR;
				GCC_WARN_UNDECLARED_SELECTOR = YES;
				GCC_WARN_UNINITIALIZED_AUTOS = YES_AGGRESSIVE;
				GCC_WARN_UNUSED_FUNCTION = YES;
				GCC_WARN_UNUSED_VARIABLE = YES;
				IPHONEOS_DEPLOYMENT_TARGET = 16.4;
				MTL_ENABLE_DEBUG_INFO = NO;
				MTL_FAST_MATH = YES;
				SDKROOT = iphoneos;
				SWIFT_COMPILATION_MODE = wholemodule;
				SWIFT_OPTIMIZATION_LEVEL = "-O";
				VALIDATE_PRODUCT = YES;
			};
			name = Release;
		};
		414E11CA2A5EAB23007683D7 /* Debug */ = {
			isa = XCBuildConfiguration;
			buildSettings = {
				ASSETCATALOG_COMPILER_APPICON_NAME = AppIcon;
				ASSETCATALOG_COMPILER_GLOBAL_ACCENT_COLOR_NAME = AccentColor;
				CODE_SIGN_STYLE = Automatic;
				CURRENT_PROJECT_VERSION = 1;
				DEVELOPMENT_TEAM = CCSQRL4S65;
				GENERATE_INFOPLIST_FILE = YES;
				INFOPLIST_FILE = /Users/mert/Projects/InnovaCaseStudy/InnovaCaseStudy/Support/Info.plist;
				INFOPLIST_KEY_UIApplicationSupportsIndirectInputEvents = YES;
				INFOPLIST_KEY_UILaunchStoryboardName = LaunchScreen;
				INFOPLIST_KEY_UISupportedInterfaceOrientations = UIInterfaceOrientationPortrait;
				INFOPLIST_KEY_UISupportedInterfaceOrientations_iPad = "UIInterfaceOrientationLandscapeLeft UIInterfaceOrientationLandscapeRight UIInterfaceOrientationPortrait UIInterfaceOrientationPortraitUpsideDown";
				IPHONEOS_DEPLOYMENT_TARGET = 14.0;
				LD_RUNPATH_SEARCH_PATHS = (
					"$(inherited)",
					"@executable_path/Frameworks",
				);
				MARKETING_VERSION = 1.0;
				PRODUCT_BUNDLE_IDENTIFIER = com.mert.InnovaCaseStudy;
				PRODUCT_NAME = "$(TARGET_NAME)";
				SUPPORTED_PLATFORMS = "iphoneos iphonesimulator";
				SUPPORTS_MACCATALYST = NO;
				SUPPORTS_MAC_DESIGNED_FOR_IPHONE_IPAD = NO;
				SWIFT_EMIT_LOC_STRINGS = YES;
				SWIFT_VERSION = 5.0;
				TARGETED_DEVICE_FAMILY = 1;
			};
			name = Debug;
		};
		414E11CB2A5EAB23007683D7 /* Release */ = {
			isa = XCBuildConfiguration;
			buildSettings = {
				ASSETCATALOG_COMPILER_APPICON_NAME = AppIcon;
				ASSETCATALOG_COMPILER_GLOBAL_ACCENT_COLOR_NAME = AccentColor;
				CODE_SIGN_STYLE = Automatic;
				CURRENT_PROJECT_VERSION = 1;
				DEVELOPMENT_TEAM = CCSQRL4S65;
				GENERATE_INFOPLIST_FILE = YES;
				INFOPLIST_FILE = /Users/mert/Projects/InnovaCaseStudy/InnovaCaseStudy/Support/Info.plist;
				INFOPLIST_KEY_UIApplicationSupportsIndirectInputEvents = YES;
				INFOPLIST_KEY_UILaunchStoryboardName = LaunchScreen;
				INFOPLIST_KEY_UISupportedInterfaceOrientations = UIInterfaceOrientationPortrait;
				INFOPLIST_KEY_UISupportedInterfaceOrientations_iPad = "UIInterfaceOrientationLandscapeLeft UIInterfaceOrientationLandscapeRight UIInterfaceOrientationPortrait UIInterfaceOrientationPortraitUpsideDown";
				IPHONEOS_DEPLOYMENT_TARGET = 14.0;
				LD_RUNPATH_SEARCH_PATHS = (
					"$(inherited)",
					"@executable_path/Frameworks",
				);
				MARKETING_VERSION = 1.0;
				PRODUCT_BUNDLE_IDENTIFIER = com.mert.InnovaCaseStudy;
				PRODUCT_NAME = "$(TARGET_NAME)";
				SUPPORTED_PLATFORMS = "iphoneos iphonesimulator";
				SUPPORTS_MACCATALYST = NO;
				SUPPORTS_MAC_DESIGNED_FOR_IPHONE_IPAD = NO;
				SWIFT_EMIT_LOC_STRINGS = YES;
				SWIFT_VERSION = 5.0;
				TARGETED_DEVICE_FAMILY = 1;
			};
			name = Release;
		};
		414E11CD2A5EAB23007683D7 /* Debug */ = {
			isa = XCBuildConfiguration;
			buildSettings = {
				ALWAYS_EMBED_SWIFT_STANDARD_LIBRARIES = YES;
				BUNDLE_LOADER = "$(TEST_HOST)";
				CODE_SIGN_STYLE = Automatic;
				CURRENT_PROJECT_VERSION = 1;
				DEVELOPMENT_TEAM = CCSQRL4S65;
				GENERATE_INFOPLIST_FILE = YES;
				IPHONEOS_DEPLOYMENT_TARGET = 16.4;
				MARKETING_VERSION = 1.0;
				PRODUCT_BUNDLE_IDENTIFIER = com.mert.InnovaCaseStudyTests;
				PRODUCT_NAME = "$(TARGET_NAME)";
				SWIFT_EMIT_LOC_STRINGS = NO;
				SWIFT_VERSION = 5.0;
				TARGETED_DEVICE_FAMILY = "1,2";
				TEST_HOST = "$(BUILT_PRODUCTS_DIR)/InnovaCaseStudy.app/$(BUNDLE_EXECUTABLE_FOLDER_PATH)/InnovaCaseStudy";
			};
			name = Debug;
		};
		414E11CE2A5EAB23007683D7 /* Release */ = {
			isa = XCBuildConfiguration;
			buildSettings = {
				ALWAYS_EMBED_SWIFT_STANDARD_LIBRARIES = YES;
				BUNDLE_LOADER = "$(TEST_HOST)";
				CODE_SIGN_STYLE = Automatic;
				CURRENT_PROJECT_VERSION = 1;
				DEVELOPMENT_TEAM = CCSQRL4S65;
				GENERATE_INFOPLIST_FILE = YES;
				IPHONEOS_DEPLOYMENT_TARGET = 16.4;
				MARKETING_VERSION = 1.0;
				PRODUCT_BUNDLE_IDENTIFIER = com.mert.InnovaCaseStudyTests;
				PRODUCT_NAME = "$(TARGET_NAME)";
				SWIFT_EMIT_LOC_STRINGS = NO;
				SWIFT_VERSION = 5.0;
				TARGETED_DEVICE_FAMILY = "1,2";
				TEST_HOST = "$(BUILT_PRODUCTS_DIR)/InnovaCaseStudy.app/$(BUNDLE_EXECUTABLE_FOLDER_PATH)/InnovaCaseStudy";
			};
			name = Release;
		};
/* End XCBuildConfiguration section */

/* Begin XCConfigurationList section */
		414E119A2A5EAB21007683D7 /* Build configuration list for PBXProject "InnovaCaseStudy" */ = {
			isa = XCConfigurationList;
			buildConfigurations = (
				414E11C72A5EAB23007683D7 /* Debug */,
				414E11C82A5EAB23007683D7 /* Release */,
			);
			defaultConfigurationIsVisible = 0;
			defaultConfigurationName = Release;
		};
		414E11C92A5EAB23007683D7 /* Build configuration list for PBXNativeTarget "InnovaCaseStudy" */ = {
			isa = XCConfigurationList;
			buildConfigurations = (
				414E11CA2A5EAB23007683D7 /* Debug */,
				414E11CB2A5EAB23007683D7 /* Release */,
			);
			defaultConfigurationIsVisible = 0;
			defaultConfigurationName = Release;
		};
		414E11CC2A5EAB23007683D7 /* Build configuration list for PBXNativeTarget "InnovaCaseStudyTests" */ = {
			isa = XCConfigurationList;
			buildConfigurations = (
				414E11CD2A5EAB23007683D7 /* Debug */,
				414E11CE2A5EAB23007683D7 /* Release */,
			);
			defaultConfigurationIsVisible = 0;
			defaultConfigurationName = Release;
		};
/* End XCConfigurationList section */

/* Begin XCRemoteSwiftPackageReference section */
		414E11E32A5EBA20007683D7 /* XCRemoteSwiftPackageReference "SnapKit" */ = {
			isa = XCRemoteSwiftPackageReference;
			repositoryURL = "https://github.com/SnapKit/SnapKit.git";
			requirement = {
				kind = upToNextMajorVersion;
				minimumVersion = 5.0.0;
			};
		};
		414E120B2A5EF321007683D7 /* XCRemoteSwiftPackageReference "firebase-ios-sdk" */ = {
			isa = XCRemoteSwiftPackageReference;
			repositoryURL = "https://github.com/firebase/firebase-ios-sdk";
			requirement = {
				kind = upToNextMajorVersion;
				minimumVersion = 10.0.0;
			};
		};
/* End XCRemoteSwiftPackageReference section */

/* Begin XCSwiftPackageProductDependency section */
		414E11E42A5EBA20007683D7 /* SnapKit */ = {
			isa = XCSwiftPackageProductDependency;
			package = 414E11E32A5EBA20007683D7 /* XCRemoteSwiftPackageReference "SnapKit" */;
			productName = SnapKit;
		};
		414E120C2A5EF321007683D7 /* FirebaseAuth */ = {
			isa = XCSwiftPackageProductDependency;
			package = 414E120B2A5EF321007683D7 /* XCRemoteSwiftPackageReference "firebase-ios-sdk" */;
			productName = FirebaseAuth;
		};
		414E120E2A5EF321007683D7 /* FirebaseAuthCombine-Community */ = {
			isa = XCSwiftPackageProductDependency;
			package = 414E120B2A5EF321007683D7 /* XCRemoteSwiftPackageReference "firebase-ios-sdk" */;
			productName = "FirebaseAuthCombine-Community";
		};
		414E12102A5EF321007683D7 /* FirebaseFirestore */ = {
			isa = XCSwiftPackageProductDependency;
			package = 414E120B2A5EF321007683D7 /* XCRemoteSwiftPackageReference "firebase-ios-sdk" */;
			productName = FirebaseFirestore;
		};
		414E12122A5EF321007683D7 /* FirebaseFirestoreSwift */ = {
			isa = XCSwiftPackageProductDependency;
			package = 414E120B2A5EF321007683D7 /* XCRemoteSwiftPackageReference "firebase-ios-sdk" */;
			productName = FirebaseFirestoreSwift;
		};
		414E122E2A5FDCCF007683D7 /* FirebaseAnalytics */ = {
			isa = XCSwiftPackageProductDependency;
			package = 414E120B2A5EF321007683D7 /* XCRemoteSwiftPackageReference "firebase-ios-sdk" */;
			productName = FirebaseAnalytics;
		};
		414E12302A5FDCD0007683D7 /* FirebaseAnalyticsOnDeviceConversion */ = {
			isa = XCSwiftPackageProductDependency;
			package = 414E120B2A5EF321007683D7 /* XCRemoteSwiftPackageReference "firebase-ios-sdk" */;
			productName = FirebaseAnalyticsOnDeviceConversion;
		};
		414E12322A5FDCD0007683D7 /* FirebaseAnalyticsSwift */ = {
			isa = XCSwiftPackageProductDependency;
			package = 414E120B2A5EF321007683D7 /* XCRemoteSwiftPackageReference "firebase-ios-sdk" */;
			productName = FirebaseAnalyticsSwift;
		};
		414E12342A5FDCD0007683D7 /* FirebaseAnalyticsWithoutAdIdSupport */ = {
			isa = XCSwiftPackageProductDependency;
			package = 414E120B2A5EF321007683D7 /* XCRemoteSwiftPackageReference "firebase-ios-sdk" */;
			productName = FirebaseAnalyticsWithoutAdIdSupport;
		};
		414E12362A5FDCD0007683D7 /* FirebaseAppCheck */ = {
			isa = XCSwiftPackageProductDependency;
			package = 414E120B2A5EF321007683D7 /* XCRemoteSwiftPackageReference "firebase-ios-sdk" */;
			productName = FirebaseAppCheck;
		};
		414E12382A5FDCD0007683D7 /* FirebaseAppDistribution-Beta */ = {
			isa = XCSwiftPackageProductDependency;
			package = 414E120B2A5EF321007683D7 /* XCRemoteSwiftPackageReference "firebase-ios-sdk" */;
			productName = "FirebaseAppDistribution-Beta";
		};
		414E123A2A5FDCD0007683D7 /* FirebaseAuth */ = {
			isa = XCSwiftPackageProductDependency;
			package = 414E120B2A5EF321007683D7 /* XCRemoteSwiftPackageReference "firebase-ios-sdk" */;
			productName = FirebaseAuth;
		};
		414E123C2A5FDCD0007683D7 /* FirebaseAuthCombine-Community */ = {
			isa = XCSwiftPackageProductDependency;
			package = 414E120B2A5EF321007683D7 /* XCRemoteSwiftPackageReference "firebase-ios-sdk" */;
			productName = "FirebaseAuthCombine-Community";
		};
		414E123E2A5FDCD0007683D7 /* FirebaseCrashlytics */ = {
			isa = XCSwiftPackageProductDependency;
			package = 414E120B2A5EF321007683D7 /* XCRemoteSwiftPackageReference "firebase-ios-sdk" */;
			productName = FirebaseCrashlytics;
		};
		414E12402A5FDCD0007683D7 /* FirebaseDatabase */ = {
			isa = XCSwiftPackageProductDependency;
			package = 414E120B2A5EF321007683D7 /* XCRemoteSwiftPackageReference "firebase-ios-sdk" */;
			productName = FirebaseDatabase;
		};
		414E12422A5FDCD0007683D7 /* FirebaseDatabaseSwift */ = {
			isa = XCSwiftPackageProductDependency;
			package = 414E120B2A5EF321007683D7 /* XCRemoteSwiftPackageReference "firebase-ios-sdk" */;
			productName = FirebaseDatabaseSwift;
		};
		414E12442A5FDCD0007683D7 /* FirebaseDynamicLinks */ = {
			isa = XCSwiftPackageProductDependency;
			package = 414E120B2A5EF321007683D7 /* XCRemoteSwiftPackageReference "firebase-ios-sdk" */;
			productName = FirebaseDynamicLinks;
		};
		414E12462A5FDCD0007683D7 /* FirebaseFirestore */ = {
			isa = XCSwiftPackageProductDependency;
			package = 414E120B2A5EF321007683D7 /* XCRemoteSwiftPackageReference "firebase-ios-sdk" */;
			productName = FirebaseFirestore;
		};
		414E12482A5FDCD0007683D7 /* FirebaseFirestoreCombine-Community */ = {
			isa = XCSwiftPackageProductDependency;
			package = 414E120B2A5EF321007683D7 /* XCRemoteSwiftPackageReference "firebase-ios-sdk" */;
			productName = "FirebaseFirestoreCombine-Community";
		};
		414E124A2A5FDCD0007683D7 /* FirebaseFirestoreSwift */ = {
			isa = XCSwiftPackageProductDependency;
			package = 414E120B2A5EF321007683D7 /* XCRemoteSwiftPackageReference "firebase-ios-sdk" */;
			productName = FirebaseFirestoreSwift;
		};
		414E124C2A5FDCD0007683D7 /* FirebaseFunctions */ = {
			isa = XCSwiftPackageProductDependency;
			package = 414E120B2A5EF321007683D7 /* XCRemoteSwiftPackageReference "firebase-ios-sdk" */;
			productName = FirebaseFunctions;
		};
		414E124E2A5FDCD0007683D7 /* FirebaseFunctionsCombine-Community */ = {
			isa = XCSwiftPackageProductDependency;
			package = 414E120B2A5EF321007683D7 /* XCRemoteSwiftPackageReference "firebase-ios-sdk" */;
			productName = "FirebaseFunctionsCombine-Community";
		};
		414E12502A5FDCD0007683D7 /* FirebaseInAppMessaging-Beta */ = {
			isa = XCSwiftPackageProductDependency;
			package = 414E120B2A5EF321007683D7 /* XCRemoteSwiftPackageReference "firebase-ios-sdk" */;
			productName = "FirebaseInAppMessaging-Beta";
		};
		414E12522A5FDCD0007683D7 /* FirebaseInAppMessagingSwift-Beta */ = {
			isa = XCSwiftPackageProductDependency;
			package = 414E120B2A5EF321007683D7 /* XCRemoteSwiftPackageReference "firebase-ios-sdk" */;
			productName = "FirebaseInAppMessagingSwift-Beta";
		};
		414E12542A5FDCD0007683D7 /* FirebaseInstallations */ = {
			isa = XCSwiftPackageProductDependency;
			package = 414E120B2A5EF321007683D7 /* XCRemoteSwiftPackageReference "firebase-ios-sdk" */;
			productName = FirebaseInstallations;
		};
		414E12562A5FDCD0007683D7 /* FirebaseMessaging */ = {
			isa = XCSwiftPackageProductDependency;
			package = 414E120B2A5EF321007683D7 /* XCRemoteSwiftPackageReference "firebase-ios-sdk" */;
			productName = FirebaseMessaging;
		};
		414E12582A5FDCD0007683D7 /* FirebaseMLModelDownloader */ = {
			isa = XCSwiftPackageProductDependency;
			package = 414E120B2A5EF321007683D7 /* XCRemoteSwiftPackageReference "firebase-ios-sdk" */;
			productName = FirebaseMLModelDownloader;
		};
		414E125A2A5FDCD0007683D7 /* FirebasePerformance */ = {
			isa = XCSwiftPackageProductDependency;
			package = 414E120B2A5EF321007683D7 /* XCRemoteSwiftPackageReference "firebase-ios-sdk" */;
			productName = FirebasePerformance;
		};
		414E125C2A5FDCD0007683D7 /* FirebaseRemoteConfig */ = {
			isa = XCSwiftPackageProductDependency;
			package = 414E120B2A5EF321007683D7 /* XCRemoteSwiftPackageReference "firebase-ios-sdk" */;
			productName = FirebaseRemoteConfig;
		};
		414E125E2A5FDCD0007683D7 /* FirebaseRemoteConfigSwift */ = {
			isa = XCSwiftPackageProductDependency;
			package = 414E120B2A5EF321007683D7 /* XCRemoteSwiftPackageReference "firebase-ios-sdk" */;
			productName = FirebaseRemoteConfigSwift;
		};
		414E12602A5FDCD0007683D7 /* FirebaseStorage */ = {
			isa = XCSwiftPackageProductDependency;
			package = 414E120B2A5EF321007683D7 /* XCRemoteSwiftPackageReference "firebase-ios-sdk" */;
			productName = FirebaseStorage;
		};
		414E12622A5FDCD0007683D7 /* FirebaseStorageCombine-Community */ = {
			isa = XCSwiftPackageProductDependency;
			package = 414E120B2A5EF321007683D7 /* XCRemoteSwiftPackageReference "firebase-ios-sdk" */;
			productName = "FirebaseStorageCombine-Community";
		};
/* End XCSwiftPackageProductDependency section */
	};
	rootObject = 414E11972A5EAB21007683D7 /* Project object */;
}
